# THIS IS AN AUTOGENERATED FILE. DO NOT EDIT THIS FILE DIRECTLY.
# yarn lockfile v1


bignumber.js@^8.0.1:
  version "8.0.1"
  resolved "https://registry.yarnpkg.com/bignumber.js/-/bignumber.js-8.0.1.tgz#5d419191370fb558c64e3e5f70d68e5947138832"
  integrity sha512-zAySveTJXkgLYCBi0b14xzfnOs+f3G6x36I8w2a1+PFQpWk/dp0mI0F+ZZK2bu+3ELewDcSyP+Cfq++NcHX7sg==
